
Microsoft Visual Studio Solution File, Format Version 12.00
# Visual Studio Version 17
VisualStudioVersion = 17.4.33110.190
MinimumVisualStudioVersion = 10.0.40219.1
Project("{8BC9CEB8-8B4A-11D0-8D11-00A0C91BC942}") = "ood", "ood.vcxproj", "{A52B3232-E8B6-43A4-9AD4-21612D5DD655}"
EndProject
Global
	GlobalSection(SolutionConfigurationPlatforms) = preSolution
		Debug Dynamic|x64 = Debug Dynamic|x64
		Debug Dynamic|x86 = Debug Dynamic|x86
		Debug Static|x64 = Debug Static|x64
		Debug Static|x86 = Debug Static|x86
		Release Dynamic|x64 = Release Dynamic|x64
		Release Dynamic|x86 = Release Dynamic|x86
		Release Static|x64 = Release Static|x64
		Release Static|x86 = Release Static|x86
	EndGlobalSection
	GlobalSection(ProjectConfigurationPlatforms) = postSolution
		{A52B3232-E8B6-43A4-9AD4-21612D5DD655}.Debug Dynamic|x64.ActiveCfg = Debug Dynamic|x64
		{A52B3232-E8B6-43A4-9AD4-21612D5DD655}.Debug Dynamic|x64.Build.0 = Debug Dynamic|x64
		{A52B3232-E8B6-43A4-9AD4-21612D5DD655}.Debug Dynamic|x86.ActiveCfg = Debug Dynamic|Win32
		{A52B3232-E8B6-43A4-9AD4-21612D5DD655}.Debug Dynamic|x86.Build.0 = Debug Dynamic|Win32
		{A52B3232-E8B6-43A4-9AD4-21612D5DD655}.Debug Static|x64.ActiveCfg = Debug Static|x64
		{A52B3232-E8B6-43A4-9AD4-21612D5DD655}.Debug Static|x64.Build.0 = Debug Static|x64
		{A52B3232-E8B6-43A4-9AD4-21612D5DD655}.Debug Static|x86.ActiveCfg = Debug Static|Win32
		{A52B3232-E8B6-43A4-9AD4-21612D5DD655}.Debug Static|x86.Build.0 = Debug Static|Win32
		{A52B3232-E8B6-43A4-9AD4-21612D5DD655}.Release Dynamic|x64.ActiveCfg = Release Dynamic|x64
		{A52B3232-E8B6-43A4-9AD4-21612D5DD655}.Release Dynamic|x64.Build.0 = Release Dynamic|x64
		{A52B3232-E8B6-43A4-9AD4-21612D5DD655}.Release Dynamic|x86.ActiveCfg = Release Dynamic|Win32
		{A52B3232-E8B6-43A4-9AD4-21612D5DD655}.Release Dynamic|x86.Build.0 = Release Dynamic|Win32
		{A52B3232-E8B6-43A4-9AD4-21612D5DD655}.Release Static|x64.ActiveCfg = Release Static|x64
		{A52B3232-E8B6-43A4-9AD4-21612D5DD655}.Release Static|x64.Build.0 = Release Static|x64
		{A52B3232-E8B6-43A4-9AD4-21612D5DD655}.Release Static|x86.ActiveCfg = Release Static|Win32
		{A52B3232-E8B6-43A4-9AD4-21612D5DD655}.Release Static|x86.Build.0 = Release Static|Win32
	EndGlobalSection
	GlobalSection(SolutionProperties) = preSolution
		HideSolutionNode = FALSE
	EndGlobalSection
	GlobalSection(ExtensibilityGlobals) = postSolution
		SolutionGuid = {2993F382-F9B4-46DA-B7D1-26A134C6BC84}
	EndGlobalSection
EndGlobal
